
Microsoft Visual Studio Solution File, Format Version 12.00
# Visual Studio Version 17
VisualStudioVersion = 17.14.36221.1 d17.14
MinimumVisualStudioVersion = 10.0.40219.1
Project("{FAE04EC0-301F-11D3-BF4B-00C04F79EFBC}") = "BilnexDesktopApp", "BilnexDesktopApp\BilnexDesktopApp.csproj", "{5400AB3A-E7B8-4696-8719-84008511C660}"
EndProject
Global
	GlobalSection(SolutionConfigurationPlatforms) = preSolution
		Debug|Any CPU = Debug|Any CPU
		Release|Any CPU = Release|Any CPU
	EndGlobalSection
	GlobalSection(ProjectConfigurationPlatforms) = postSolution
		{5400AB3A-E7B8-4696-8719-84008511C660}.Debug|Any CPU.ActiveCfg = Debug|Any CPU
		{5400AB3A-E7B8-4696-8719-84008511C660}.Debug|Any CPU.Build.0 = Debug|Any CPU
		{5400AB3A-E7B8-4696-8719-84008511C660}.Release|Any CPU.ActiveCfg = Release|Any CPU
		{5400AB3A-E7B8-4696-8719-84008511C660}.Release|Any CPU.Build.0 = Release|Any CPU
	EndGlobalSection
	GlobalSection(SolutionProperties) = preSolution
		HideSolutionNode = FALSE
	EndGlobalSection
	GlobalSection(ExtensibilityGlobals) = postSolution
		SolutionGuid = {FDBA32B0-69EB-4FDA-9937-46604063E3B7}
	EndGlobalSection
EndGlobal
